{
  "name": "fake_json_generator",
  "version": "1.0.0",
  "lockfileVersion": 2,
  "requires": true,
  "packages": {
    "": {
      "name": "fake_json_generator",
      "version": "1.0.0",
      "license": "MIT",
      "dependencies": {
        "list-of-us-cities": "^1.0.1",
        "uuid": "^8.3.2"
      }
    },
    "node_modules/list-of-us-cities": {
      "version": "1.0.1",
      "resolved": "https://registry.npmjs.org/list-of-us-cities/-/list-of-us-cities-1.0.1.tgz",
      "integrity": "sha512-bFfAt82JbkPUXO/6MioDpOoXcavDKZDnt7RHzkLQcGhBB3ZZr1jbyU7r3hQPIS3pJzQz0Y5HJXVuQfdQ2CGKOg=="
    },
    "node_modules/uuid": {
      "version": "8.3.2",
      "resolved": "https://registry.npmjs.org/uuid/-/uuid-8.3.2.tgz",
      "integrity": "sha512-+NYs2QeMWy+GWFOEm9xnn6HCDp0l7QBD7ml8zLUmJ+93Q5NF0NocErnwkTkXVFNiX3/fpC6afS8Dhb/gz7R7eg==",
      "bin": {
        "uuid": "dist/bin/uuid"
      }
    }
  },
  "dependencies": {
    "list-of-us-cities": {
      "version": "1.0.1",
      "resolved": "https://registry.npmjs.org/list-of-us-cities/-/list-of-us-cities-1.0.1.tgz",
      "integrity": "sha512-bFfAt82JbkPUXO/6MioDpOoXcavDKZDnt7RHzkLQcGhBB3ZZr1jbyU7r3hQPIS3pJzQz0Y5HJXVuQfdQ2CGKOg=="
    },
    "uuid": {
      "version": "8.3.2",
      "resolved": "https://registry.npmjs.org/uuid/-/uuid-8.3.2.tgz",
      "integrity": "sha512-+NYs2QeMWy+GWFOEm9xnn6HCDp0l7QBD7ml8zLUmJ+93Q5NF0NocErnwkTkXVFNiX3/fpC6afS8Dhb/gz7R7eg=="
    }
  }
}
